
Microsoft Visual Studio Solution File, Format Version 12.00
# Visual Studio Version 17
VisualStudioVersion = 17.13.35825.156
MinimumVisualStudioVersion = 10.0.40219.1
Project("{8BC9CEB8-8B4A-11D0-8D11-00A0C91BC942}") = "main", "main\main.vcxproj", "{CA51EBE3-44C3-40B2-A7B0-B45A0AAB9DEA}"
EndProject
Project("{8BC9CEB8-8B4A-11D0-8D11-00A0C91BC942}") = "engine", "engine\engine.vcxproj", "{BEEB9927-2D17-40D6-B606-87404770C60E}"
EndProject
Project("{2150E333-8FDC-42A3-9474-1A3956D46DE8}") = "Solution Items", "Solution Items", "{8EC462FD-D22E-90A8-E5CE-7E832BA40C5D}"
	ProjectSection(SolutionItems) = preProject
		features.txt = features.txt
		tilemap.txt = tilemap.txt
	EndProjectSection
EndProject
Global
	GlobalSection(SolutionConfigurationPlatforms) = preSolution
		Debug|x64 = Debug|x64
		Debug|x86 = Debug|x86
		Release|x64 = Release|x64
		Release|x86 = Release|x86
	EndGlobalSection
	GlobalSection(ProjectConfigurationPlatforms) = postSolution
		{CA51EBE3-44C3-40B2-A7B0-B45A0AAB9DEA}.Debug|x64.ActiveCfg = Debug|x64
		{CA51EBE3-44C3-40B2-A7B0-B45A0AAB9DEA}.Debug|x64.Build.0 = Debug|x64
		{CA51EBE3-44C3-40B2-A7B0-B45A0AAB9DEA}.Debug|x86.ActiveCfg = Debug|Win32
		{CA51EBE3-44C3-40B2-A7B0-B45A0AAB9DEA}.Debug|x86.Build.0 = Debug|Win32
		{CA51EBE3-44C3-40B2-A7B0-B45A0AAB9DEA}.Release|x64.ActiveCfg = Release|x64
		{CA51EBE3-44C3-40B2-A7B0-B45A0AAB9DEA}.Release|x64.Build.0 = Release|x64
		{CA51EBE3-44C3-40B2-A7B0-B45A0AAB9DEA}.Release|x86.ActiveCfg = Release|Win32
		{CA51EBE3-44C3-40B2-A7B0-B45A0AAB9DEA}.Release|x86.Build.0 = Release|Win32
		{BEEB9927-2D17-40D6-B606-87404770C60E}.Debug|x64.ActiveCfg = Debug|x64
		{BEEB9927-2D17-40D6-B606-87404770C60E}.Debug|x64.Build.0 = Debug|x64
		{BEEB9927-2D17-40D6-B606-87404770C60E}.Debug|x86.ActiveCfg = Debug|Win32
		{BEEB9927-2D17-40D6-B606-87404770C60E}.Debug|x86.Build.0 = Debug|Win32
		{BEEB9927-2D17-40D6-B606-87404770C60E}.Release|x64.ActiveCfg = Release|x64
		{BEEB9927-2D17-40D6-B606-87404770C60E}.Release|x64.Build.0 = Release|x64
		{BEEB9927-2D17-40D6-B606-87404770C60E}.Release|x86.ActiveCfg = Release|Win32
		{BEEB9927-2D17-40D6-B606-87404770C60E}.Release|x86.Build.0 = Release|Win32
	EndGlobalSection
	GlobalSection(SolutionProperties) = preSolution
		HideSolutionNode = FALSE
	EndGlobalSection
	GlobalSection(ExtensibilityGlobals) = postSolution
		SolutionGuid = {337E3B7F-2EB0-431E-8454-CCDAFFDC3080}
	EndGlobalSection
EndGlobal
